
Microsoft Visual Studio Solution File, Format Version 12.00
# Visual Studio Version 17
VisualStudioVersion = 17.13.35919.96 d17.13
MinimumVisualStudioVersion = 10.0.40219.1
Project("{FAE04EC0-301F-11D3-BF4B-00C04F79EFBC}") = "Singleton", "Singleton\Singleton.csproj", "{0A3D751D-6D55-49FB-ABBE-1076A9067369}"
EndProject
Global
	GlobalSection(SolutionConfigurationPlatforms) = preSolution
		Debug|Any CPU = Debug|Any CPU
		Release|Any CPU = Release|Any CPU
	EndGlobalSection
	GlobalSection(ProjectConfigurationPlatforms) = postSolution
		{0A3D751D-6D55-49FB-ABBE-1076A9067369}.Debug|Any CPU.ActiveCfg = Debug|Any CPU
		{0A3D751D-6D55-49FB-ABBE-1076A9067369}.Debug|Any CPU.Build.0 = Debug|Any CPU
		{0A3D751D-6D55-49FB-ABBE-1076A9067369}.Release|Any CPU.ActiveCfg = Release|Any CPU
		{0A3D751D-6D55-49FB-ABBE-1076A9067369}.Release|Any CPU.Build.0 = Release|Any CPU
	EndGlobalSection
	GlobalSection(SolutionProperties) = preSolution
		HideSolutionNode = FALSE
	EndGlobalSection
	GlobalSection(ExtensibilityGlobals) = postSolution
		SolutionGuid = {8B33E52F-A332-44B9-9DCF-5276675B1799}
	EndGlobalSection
EndGlobal
