
Microsoft Visual Studio Solution File, Format Version 12.00
# Visual Studio Version 17
VisualStudioVersion = 17.13.35919.96 d17.13
MinimumVisualStudioVersion = 10.0.40219.1
Project("{FAE04EC0-301F-11D3-BF4B-00C04F79EFBC}") = "Bridge", "Bridge\Bridge.csproj", "{266EA09C-8D17-437C-80AC-C02B7755FD33}"
EndProject
Global
	GlobalSection(SolutionConfigurationPlatforms) = preSolution
		Debug|Any CPU = Debug|Any CPU
		Release|Any CPU = Release|Any CPU
	EndGlobalSection
	GlobalSection(ProjectConfigurationPlatforms) = postSolution
		{266EA09C-8D17-437C-80AC-C02B7755FD33}.Debug|Any CPU.ActiveCfg = Debug|Any CPU
		{266EA09C-8D17-437C-80AC-C02B7755FD33}.Debug|Any CPU.Build.0 = Debug|Any CPU
		{266EA09C-8D17-437C-80AC-C02B7755FD33}.Release|Any CPU.ActiveCfg = Release|Any CPU
		{266EA09C-8D17-437C-80AC-C02B7755FD33}.Release|Any CPU.Build.0 = Release|Any CPU
	EndGlobalSection
	GlobalSection(SolutionProperties) = preSolution
		HideSolutionNode = FALSE
	EndGlobalSection
	GlobalSection(ExtensibilityGlobals) = postSolution
		SolutionGuid = {4D73F361-6B10-4960-B7B3-80B6D7F421FA}
	EndGlobalSection
EndGlobal
